
Microsoft Visual Studio Solution File, Format Version 12.00
# Visual Studio 14
VisualStudioVersion = 14.0.24720.0
MinimumVisualStudioVersion = 10.0.40219.1
Project("{FAE04EC0-301F-11D3-BF4B-00C04F79EFBC}") = "First", "First\First.csproj", "{F3037150-BCC3-4970-8C9C-90105ED42D8E}"
EndProject
Project("{FAE04EC0-301F-11D3-BF4B-00C04F79EFBC}") = "First.Tests", "First.Tests\First.Tests.csproj", "{F820865D-6078-4E08-9BCF-C714F4D50EC5}"
EndProject
Global
	GlobalSection(SolutionConfigurationPlatforms) = preSolution
		Debug|Any CPU = Debug|Any CPU
		Release|Any CPU = Release|Any CPU
	EndGlobalSection
	GlobalSection(ProjectConfigurationPlatforms) = postSolution
		{F3037150-BCC3-4970-8C9C-90105ED42D8E}.Debug|Any CPU.ActiveCfg = Debug|Any CPU
		{F3037150-BCC3-4970-8C9C-90105ED42D8E}.Debug|Any CPU.Build.0 = Debug|Any CPU
		{F3037150-BCC3-4970-8C9C-90105ED42D8E}.Release|Any CPU.ActiveCfg = Release|Any CPU
		{F3037150-BCC3-4970-8C9C-90105ED42D8E}.Release|Any CPU.Build.0 = Release|Any CPU
		{F820865D-6078-4E08-9BCF-C714F4D50EC5}.Debug|Any CPU.ActiveCfg = Debug|Any CPU
		{F820865D-6078-4E08-9BCF-C714F4D50EC5}.Debug|Any CPU.Build.0 = Debug|Any CPU
		{F820865D-6078-4E08-9BCF-C714F4D50EC5}.Release|Any CPU.ActiveCfg = Release|Any CPU
		{F820865D-6078-4E08-9BCF-C714F4D50EC5}.Release|Any CPU.Build.0 = Release|Any CPU
	EndGlobalSection
	GlobalSection(SolutionProperties) = preSolution
		HideSolutionNode = FALSE
	EndGlobalSection
EndGlobal
